
Microsoft Visual Studio Solution File, Format Version 12.00
# Visual Studio Version 17
VisualStudioVersion = 17.11.35222.181
MinimumVisualStudioVersion = 10.0.40219.1
Project("{8BC9CEB8-8B4A-11D0-8D11-00A0C91BC942}") = "zuoye", "zuoye.vcxproj", "{1412252B-DD2B-4272-B65E-8904AF3B280F}"
EndProject
Global
	GlobalSection(SolutionConfigurationPlatforms) = preSolution
		Debug|x64 = Debug|x64
		Debug|x86 = Debug|x86
		Release|x64 = Release|x64
		Release|x86 = Release|x86
	EndGlobalSection
	GlobalSection(ProjectConfigurationPlatforms) = postSolution
		{1412252B-DD2B-4272-B65E-8904AF3B280F}.Debug|x64.ActiveCfg = Debug|x64
		{1412252B-DD2B-4272-B65E-8904AF3B280F}.Debug|x64.Build.0 = Debug|x64
		{1412252B-DD2B-4272-B65E-8904AF3B280F}.Debug|x86.ActiveCfg = Debug|Win32
		{1412252B-DD2B-4272-B65E-8904AF3B280F}.Debug|x86.Build.0 = Debug|Win32
		{1412252B-DD2B-4272-B65E-8904AF3B280F}.Release|x64.ActiveCfg = Release|x64
		{1412252B-DD2B-4272-B65E-8904AF3B280F}.Release|x64.Build.0 = Release|x64
		{1412252B-DD2B-4272-B65E-8904AF3B280F}.Release|x86.ActiveCfg = Release|Win32
		{1412252B-DD2B-4272-B65E-8904AF3B280F}.Release|x86.Build.0 = Release|Win32
	EndGlobalSection
	GlobalSection(SolutionProperties) = preSolution
		HideSolutionNode = FALSE
	EndGlobalSection
	GlobalSection(ExtensibilityGlobals) = postSolution
		SolutionGuid = {7FC443E4-B2BB-4F1E-B59D-4E96FF120E8D}
	EndGlobalSection
EndGlobal
